
Microsoft Visual Studio Solution File, Format Version 12.00
# Visual Studio 15
VisualStudioVersion = 15.0.28307.645
MinimumVisualStudioVersion = 10.0.40219.1
Project("{FAE04EC0-301F-11D3-BF4B-00C04F79EFBC}") = "CustomArrayPool", "CustomArrayPool\CustomArrayPool.csproj", "{6EF7159A-561F-4699-8AC1-1878908724FB}"
EndProject
Global
	GlobalSection(SolutionConfigurationPlatforms) = preSolution
		Debug|Any CPU = Debug|Any CPU
		Release|Any CPU = Release|Any CPU
	EndGlobalSection
	GlobalSection(ProjectConfigurationPlatforms) = postSolution
		{6EF7159A-561F-4699-8AC1-1878908724FB}.Debug|Any CPU.ActiveCfg = Debug|Any CPU
		{6EF7159A-561F-4699-8AC1-1878908724FB}.Debug|Any CPU.Build.0 = Debug|Any CPU
		{6EF7159A-561F-4699-8AC1-1878908724FB}.Release|Any CPU.ActiveCfg = Release|Any CPU
		{6EF7159A-561F-4699-8AC1-1878908724FB}.Release|Any CPU.Build.0 = Release|Any CPU
	EndGlobalSection
	GlobalSection(SolutionProperties) = preSolution
		HideSolutionNode = FALSE
	EndGlobalSection
	GlobalSection(ExtensibilityGlobals) = postSolution
		SolutionGuid = {FA204201-0F70-4267-8188-DE60634CEED7}
	EndGlobalSection
EndGlobal
